
Microsoft Visual Studio Solution File, Format Version 12.00
# Visual Studio Version 17
VisualStudioVersion = 17.8.34525.116
MinimumVisualStudioVersion = 10.0.40219.1
Project("{FAE04EC0-301F-11D3-BF4B-00C04F79EFBC}") = "Workaround", "Workaround\Workaround.csproj", "{735ACCA8-E5F0-442A-A673-84D327DC02A0}"
EndProject
Project("{FAE04EC0-301F-11D3-BF4B-00C04F79EFBC}") = "Entities", "Entities\Entities.csproj", "{D1B41343-FED1-4CAB-AA63-2D33E3E6B417}"
EndProject
Project("{FAE04EC0-301F-11D3-BF4B-00C04F79EFBC}") = "Business", "Business\Business.csproj", "{ABF4C682-9B9B-44A5-949B-A73C191BB67E}"
EndProject
Global
	GlobalSection(SolutionConfigurationPlatforms) = preSolution
		Debug|Any CPU = Debug|Any CPU
		Release|Any CPU = Release|Any CPU
	EndGlobalSection
	GlobalSection(ProjectConfigurationPlatforms) = postSolution
		{735ACCA8-E5F0-442A-A673-84D327DC02A0}.Debug|Any CPU.ActiveCfg = Debug|Any CPU
		{735ACCA8-E5F0-442A-A673-84D327DC02A0}.Debug|Any CPU.Build.0 = Debug|Any CPU
		{735ACCA8-E5F0-442A-A673-84D327DC02A0}.Release|Any CPU.ActiveCfg = Release|Any CPU
		{735ACCA8-E5F0-442A-A673-84D327DC02A0}.Release|Any CPU.Build.0 = Release|Any CPU
		{D1B41343-FED1-4CAB-AA63-2D33E3E6B417}.Debug|Any CPU.ActiveCfg = Debug|Any CPU
		{D1B41343-FED1-4CAB-AA63-2D33E3E6B417}.Debug|Any CPU.Build.0 = Debug|Any CPU
		{D1B41343-FED1-4CAB-AA63-2D33E3E6B417}.Release|Any CPU.ActiveCfg = Release|Any CPU
		{D1B41343-FED1-4CAB-AA63-2D33E3E6B417}.Release|Any CPU.Build.0 = Release|Any CPU
		{ABF4C682-9B9B-44A5-949B-A73C191BB67E}.Debug|Any CPU.ActiveCfg = Debug|Any CPU
		{ABF4C682-9B9B-44A5-949B-A73C191BB67E}.Debug|Any CPU.Build.0 = Debug|Any CPU
		{ABF4C682-9B9B-44A5-949B-A73C191BB67E}.Release|Any CPU.ActiveCfg = Release|Any CPU
		{ABF4C682-9B9B-44A5-949B-A73C191BB67E}.Release|Any CPU.Build.0 = Release|Any CPU
	EndGlobalSection
	GlobalSection(SolutionProperties) = preSolution
		HideSolutionNode = FALSE
	EndGlobalSection
	GlobalSection(ExtensibilityGlobals) = postSolution
		SolutionGuid = {23CCDFD6-7C9E-4B6D-83EA-100610EEC9DA}
	EndGlobalSection
EndGlobal
